// !$*UTF8*$!
{
	archiveVersion = 1;
	classes = {
	};
	objectVersion = 48;
	objects = {

/* Begin PBXBuildFile section */
		417AABE7207EDDAC0044DB60 /* AppDelegate.swift in Sources */ = {isa = PBXBuildFile; fileRef = 417AABE6207EDDAC0044DB60 /* AppDelegate.swift */; };
		417AABE9207EDDAC0044DB60 /* MapViewController.swift in Sources */ = {isa = PBXBuildFile; fileRef = 417AABE8207EDDAC0044DB60 /* MapViewController.swift */; };
		417AABEC207EDDAC0044DB60 /* Main.storyboard in Resources */ = {isa = PBXBuildFile; fileRef = 417AABEA207EDDAC0044DB60 /* Main.storyboard */; };
		417AABEE207EDDAC0044DB60 /* Assets.xcassets in Resources */ = {isa = PBXBuildFile; fileRef = 417AABED207EDDAC0044DB60 /* Assets.xcassets */; };
		417AABF1207EDDAC0044DB60 /* LaunchScreen.storyboard in Resources */ = {isa = PBXBuildFile; fileRef = 417AABEF207EDDAC0044DB60 /* LaunchScreen.storyboard */; };
		417AABF9207EDEAB0044DB60 /* Pin.swift in Sources */ = {isa = PBXBuildFile; fileRef = 417AABF8207EDEAB0044DB60 /* Pin.swift */; };
		417AABFB207F148A0044DB60 /* ListPinsTableViewController.swift in Sources */ = {isa = PBXBuildFile; fileRef = 417AABFA207F148A0044DB60 /* ListPinsTableViewController.swift */; };
		417AABFD207F16000044DB60 /* Location.swift in Sources */ = {isa = PBXBuildFile; fileRef = 417AABFC207F16000044DB60 /* Location.swift */; };
/* End PBXBuildFile section */

/* Begin PBXFileReference section */
		417AABE3207EDDAC0044DB60 /* Pinz.app */ = {isa = PBXFileReference; explicitFileType = wrapper.application; includeInIndex = 0; path = Pinz.app; sourceTree = BUILT_PRODUCTS_DIR; };
		417AABE6207EDDAC0044DB60 /* AppDelegate.swift */ = {isa = PBXFileReference; lastKnownFileType = sourcecode.swift; path = AppDelegate.swift; sourceTree = "<group>"; };
		417AABE8207EDDAC0044DB60 /* MapViewController.swift */ = {isa = PBXFileReference; lastKnownFileType = sourcecode.swift; path = MapViewController.swift; sourceTree = "<group>"; };
		417AABEB207EDDAC0044DB60 /* Base */ = {isa = PBXFileReference; lastKnownFileType = file.storyboard; name = Base; path = Base.lproj/Main.storyboard; sourceTree = "<group>"; };
		417AABED207EDDAC0044DB60 /* Assets.xcassets */ = {isa = PBXFileReference; lastKnownFileType = folder.assetcatalog; path = Assets.xcassets; sourceTree = "<group>"; };
		417AABF0207EDDAC0044DB60 /* Base */ = {isa = PBXFileReference; lastKnownFileType = file.storyboard; name = Base; path = Base.lproj/LaunchScreen.storyboard; sourceTree = "<group>"; };
		417AABF2207EDDAC0044DB60 /* Info.plist */ = {isa = PBXFileReference; lastKnownFileType = text.plist.xml; path = Info.plist; sourceTree = "<group>"; };
		417AABF8207EDEAB0044DB60 /* Pin.swift */ = {isa = PBXFileReference; lastKnownFileType = sourcecode.swift; path = Pin.swift; sourceTree = "<group>"; };
		417AABFA207F148A0044DB60 /* ListPinsTableViewController.swift */ = {isa = PBXFileReference; lastKnownFileType = sourcecode.swift; path = ListPinsTableViewController.swift; sourceTree = "<group>"; };
		417AABFC207F16000044DB60 /* Location.swift */ = {isa = PBXFileReference; lastKnownFileType = sourcecode.swift; path = Location.swift; sourceTree = "<group>"; };
/* End PBXFileReference section */

/* Begin PBXFrameworksBuildPhase section */
		417AABE0207EDDAC0044DB60 /* Frameworks */ = {
			isa = PBXFrameworksBuildPhase;
			buildActionMask = 2147483647;
			files = (
			);
			runOnlyForDeploymentPostprocessing = 0;
		};
/* End PBXFrameworksBuildPhase section */

/* Begin PBXGroup section */
		410B957E20A3A57600C728E3 /* Data */ = {
			isa = PBXGroup;
			children = (
				417AABFC207F16000044DB60 /* Location.swift */,
				417AABF8207EDEAB0044DB60 /* Pin.swift */,
			);
			path = Data;
			sourceTree = "<group>";
		};
		410B957F20A3A58E00C728E3 /* ViewControllers */ = {
			isa = PBXGroup;
			children = (
				417AABE8207EDDAC0044DB60 /* MapViewController.swift */,
				417AABFA207F148A0044DB60 /* ListPinsTableViewController.swift */,
			);
			path = ViewControllers;
			sourceTree = "<group>";
		};
		417AABDA207EDDAC0044DB60 = {
			isa = PBXGroup;
			children = (
				417AABE5207EDDAC0044DB60 /* Pinz */,
				417AABE4207EDDAC0044DB60 /* Products */,
			);
			sourceTree = "<group>";
		};
		417AABE4207EDDAC0044DB60 /* Products */ = {
			isa = PBXGroup;
			children = (
				417AABE3207EDDAC0044DB60 /* Pinz.app */,
			);
			name = Products;
			sourceTree = "<group>";
		};
		417AABE5207EDDAC0044DB60 /* Pinz */ = {
			isa = PBXGroup;
			children = (
				417AABE6207EDDAC0044DB60 /* AppDelegate.swift */,
				417AABEA207EDDAC0044DB60 /* Main.storyboard */,
				410B957E20A3A57600C728E3 /* Data */,
				410B957F20A3A58E00C728E3 /* ViewControllers */,
				417AABEF207EDDAC0044DB60 /* LaunchScreen.storyboard */,
				417AABED207EDDAC0044DB60 /* Assets.xcassets */,
				417AABF2207EDDAC0044DB60 /* Info.plist */,
			);
			path = Pinz;
			sourceTree = "<group>";
		};
/* End PBXGroup section */

/* Begin PBXNativeTarget section */
		417AABE2207EDDAC0044DB60 /* Pinz */ = {
			isa = PBXNativeTarget;
			buildConfigurationList = 417AABF5207EDDAC0044DB60 /* Build configuration list for PBXNativeTarget "Pinz" */;
			buildPhases = (
				417AABDF207EDDAC0044DB60 /* Sources */,
				417AABE0207EDDAC0044DB60 /* Frameworks */,
				417AABE1207EDDAC0044DB60 /* Resources */,
			);
			buildRules = (
			);
			dependencies = (
			);
			name = Pinz;
			productName = Pinz;
			productReference = 417AABE3207EDDAC0044DB60 /* Pinz.app */;
			productType = "com.apple.product-type.application";
		};
/* End PBXNativeTarget section */

/* Begin PBXProject section */
		417AABDB207EDDAC0044DB60 /* Project object */ = {
			isa = PBXProject;
			attributes = {
				LastSwiftUpdateCheck = 0920;
				LastUpgradeCheck = 0920;
				ORGANIZATIONNAME = "Matt Hickman";
				TargetAttributes = {
					417AABE2207EDDAC0044DB60 = {
						CreatedOnToolsVersion = 9.2;
						ProvisioningStyle = Automatic;
					};
				};
			};
			buildConfigurationList = 417AABDE207EDDAC0044DB60 /* Build configuration list for PBXProject "Pinz" */;
			compatibilityVersion = "Xcode 8.0";
			developmentRegion = en;
			hasScannedForEncodings = 0;
			knownRegions = (
				en,
				Base,
			);
			mainGroup = 417AABDA207EDDAC0044DB60;
			productRefGroup = 417AABE4207EDDAC0044DB60 /* Products */;
			projectDirPath = "";
			projectRoot = "";
			targets = (
				417AABE2207EDDAC0044DB60 /* Pinz */,
			);
		};
/* End PBXProject section */

/* Begin PBXResourcesBuildPhase section */
		417AABE1207EDDAC0044DB60 /* Resources */ = {
			isa = PBXResourcesBuildPhase;
			buildActionMask = 2147483647;
			files = (
				417AABF1207EDDAC0044DB60 /* LaunchScreen.storyboard in Resources */,
				417AABEE207EDDAC0044DB60 /* Assets.xcassets in Resources */,
				417AABEC207EDDAC0044DB60 /* Main.storyboard in Resources */,
			);
			runOnlyForDeploymentPostprocessing = 0;
		};
/* End PBXResourcesBuildPhase section */

/* Begin PBXSourcesBuildPhase section */
		417AABDF207EDDAC0044DB60 /* Sources */ = {
			isa = PBXSourcesBuildPhase;
			buildActionMask = 2147483647;
			files = (
				417AABF9207EDEAB0044DB60 /* Pin.swift in Sources */,
				417AABE9207EDDAC0044DB60 /* MapViewController.swift in Sources */,
				417AABFD207F16000044DB60 /* Location.swift in Sources */,
				417AABE7207EDDAC0044DB60 /* AppDelegate.swift in Sources */,
				417AABFB207F148A0044DB60 /* ListPinsTableViewController.swift in Sources */,
			);
			runOnlyForDeploymentPostprocessing = 0;
		};
/* End PBXSourcesBuildPhase section */

/* Begin PBXVariantGroup section */
		417AABEA207EDDAC0044DB60 /* Main.storyboard */ = {
			isa = PBXVariantGroup;
			children = (
				417AABEB207EDDAC0044DB60 /* Base */,
			);
			name = Main.storyboard;
			sourceTree = "<group>";
		};
		417AABEF207EDDAC0044DB60 /* LaunchScreen.storyboard */ = {
			isa = PBXVariantGroup;
			children = (
				417AABF0207EDDAC0044DB60 /* Base */,
			);
			name = LaunchScreen.storyboard;
			sourceTree = "<group>";
		};
/* End PBXVariantGroup section */

/* Begin XCBuildConfiguration section */
		417AABF3207EDDAC0044DB60 /* Debug */ = {
			isa = XCBuildConfiguration;
			buildSettings = {
				ALWAYS_SEARCH_USER_PATHS = NO;
				CLANG_ANALYZER_NONNULL = YES;
				CLANG_ANALYZER_NUMBER_OBJECT_CONVERSION = YES_AGGRESSIVE;
				CLANG_CXX_LANGUAGE_STANDARD = "gnu++14";
				CLANG_CXX_LIBRARY = "libc++";
				CLANG_ENABLE_MODULES = YES;
				CLANG_ENABLE_OBJC_ARC = YES;
				CLANG_WARN_BLOCK_CAPTURE_AUTORELEASING = YES;
				CLANG_WARN_BOOL_CONVERSION = YES;
				CLANG_WARN_COMMA = YES;
				CLANG_WARN_CONSTANT_CONVERSION = YES;
				CLANG_WARN_DIRECT_OBJC_ISA_USAGE = YES_ERROR;
				CLANG_WARN_DOCUMENTATION_COMMENTS = YES;
				CLANG_WARN_EMPTY_BODY = YES;
				CLANG_WARN_ENUM_CONVERSION = YES;
				CLANG_WARN_INFINITE_RECURSION = YES;
				CLANG_WARN_INT_CONVERSION = YES;
				CLANG_WARN_NON_LITERAL_NULL_CONVERSION = YES;
				CLANG_WARN_OBJC_LITERAL_CONVERSION = YES;
				CLANG_WARN_OBJC_ROOT_CLASS = YES_ERROR;
				CLANG_WARN_RANGE_LOOP_ANALYSIS = YES;
				CLANG_WARN_STRICT_PROTOTYPES = YES;
				CLANG_WARN_SUSPICIOUS_MOVE = YES;
				CLANG_WARN_UNGUARDED_AVAILABILITY = YES_AGGRESSIVE;
				CLANG_WARN_UNREACHABLE_CODE = YES;
				CLANG_WARN__DUPLICATE_METHOD_MATCH = YES;
				CODE_SIGN_IDENTITY = "iPhone Developer";
				COPY_PHASE_STRIP = NO;
				DEBUG_INFORMATION_FORMAT = dwarf;
				ENABLE_STRICT_OBJC_MSGSEND = YES;
				ENABLE_TESTABILITY = YES;
				GCC_C_LANGUAGE_STANDARD = gnu11;
				GCC_DYNAMIC_NO_PIC = NO;
				GCC_NO_COMMON_BLOCKS = YES;
				GCC_OPTIMIZATION_LEVEL = 0;
				GCC_PREPROCESSOR_DEFINITIONS = (
					"DEBUG=1",
					"$(inherited)",
				);
				GCC_WARN_64_TO_32_BIT_CONVERSION = YES;
				GCC_WARN_ABOUT_RETURN_TYPE = YES_ERROR;
				GCC_WARN_UNDECLARED_SELECTOR = YES;
				GCC_WARN_UNINITIALIZED_AUTOS = YES_AGGRESSIVE;
				GCC_WARN_UNUSED_FUNCTION = YES;
				GCC_WARN_UNUSED_VARIABLE = YES;
				IPHONEOS_DEPLOYMENT_TARGET = 11.2;
				MTL_ENABLE_DEBUG_INFO = YES;
				ONLY_ACTIVE_ARCH = YES;
				SDKROOT = iphoneos;
				SWIFT_ACTIVE_COMPILATION_CONDITIONS = DEBUG;
				SWIFT_OPTIMIZATION_LEVEL = "-Onone";
			};
			name = Debug;
		};
		417AABF4207EDDAC0044DB60 /* Release */ = {
			isa = XCBuildConfiguration;
			buildSettings = {
				ALWAYS_SEARCH_USER_PATHS = NO;
				CLANG_ANALYZER_NONNULL = YES;
				CLANG_ANALYZER_NUMBER_OBJECT_CONVERSION = YES_AGGRESSIVE;
				CLANG_CXX_LANGUAGE_STANDARD = "gnu++14";
				CLANG_CXX_LIBRARY = "libc++";
				CLANG_ENABLE_MODULES = YES;
				CLANG_ENABLE_OBJC_ARC = YES;
				CLANG_WARN_BLOCK_CAPTURE_AUTORELEASING = YES;
				CLANG_WARN_BOOL_CONVERSION = YES;
				CLANG_WARN_COMMA = YES;
				CLANG_WARN_CONSTANT_CONVERSION = YES;
				CLANG_WARN_DIRECT_OBJC_ISA_USAGE = YES_ERROR;
				CLANG_WARN_DOCUMENTATION_COMMENTS = YES;
				CLANG_WARN_EMPTY_BODY = YES;
				CLANG_WARN_ENUM_CONVERSION = YES;
				CLANG_WARN_INFINITE_RECURSION = YES;
				CLANG_WARN_INT_CONVERSION = YES;
				CLANG_WARN_NON_LITERAL_NULL_CONVERSION = YES;
				CLANG_WARN_OBJC_LITERAL_CONVERSION = YES;
				CLANG_WARN_OBJC_ROOT_CLASS = YES_ERROR;
				CLANG_WARN_RANGE_LOOP_ANALYSIS = YES;
				CLANG_WARN_STRICT_PROTOTYPES = YES;
				CLANG_WARN_SUSPICIOUS_MOVE = YES;
				CLANG_WARN_UNGUARDED_AVAILABILITY = YES_AGGRESSIVE;
				CLANG_WARN_UNREACHABLE_CODE = YES;
				CLANG_WARN__DUPLICATE_METHOD_MATCH = YES;
				CODE_SIGN_IDENTITY = "iPhone Developer";
				COPY_PHASE_STRIP = NO;
				DEBUG_INFORMATION_FORMAT = "dwarf-with-dsym";
				ENABLE_NS_ASSERTIONS = NO;
				ENABLE_STRICT_OBJC_MSGSEND = YES;
				GCC_C_LANGUAGE_STANDARD = gnu11;
				GCC_NO_COMMON_BLOCKS = YES;
				GCC_WARN_64_TO_32_BIT_CONVERSION = YES;
				GCC_WARN_ABOUT_RETURN_TYPE = YES_ERROR;
				GCC_WARN_UNDECLARED_SELECTOR = YES;
				GCC_WARN_UNINITIALIZED_AUTOS = YES_AGGRESSIVE;
				GCC_WARN_UNUSED_FUNCTION = YES;
				GCC_WARN_UNUSED_VARIABLE = YES;
				IPHONEOS_DEPLOYMENT_TARGET = 11.2;
				MTL_ENABLE_DEBUG_INFO = NO;
				SDKROOT = iphoneos;
				SWIFT_OPTIMIZATION_LEVEL = "-Owholemodule";
				VALIDATE_PRODUCT = YES;
			};
			name = Release;
		};
		417AABF6207EDDAC0044DB60 /* Debug */ = {
			isa = XCBuildConfiguration;
			buildSettings = {
				ASSETCATALOG_COMPILER_APPICON_NAME = AppIcon;
				CODE_SIGN_STYLE = Automatic;
				INFOPLIST_FILE = Pinz/Info.plist;
				LD_RUNPATH_SEARCH_PATHS = "$(inherited) @executable_path/Frameworks";
				PRODUCT_BUNDLE_IDENTIFIER = Hickman.Pinz;
				PRODUCT_NAME = "$(TARGET_NAME)";
				SWIFT_VERSION = 4.0;
				TARGETED_DEVICE_FAMILY = "1,2";
			};
			name = Debug;
		};
		417AABF7207EDDAC0044DB60 /* Release */ = {
			isa = XCBuildConfiguration;
			buildSettings = {
				ASSETCATALOG_COMPILER_APPICON_NAME = AppIcon;
				CODE_SIGN_STYLE = Automatic;
				INFOPLIST_FILE = Pinz/Info.plist;
				LD_RUNPATH_SEARCH_PATHS = "$(inherited) @executable_path/Frameworks";
				PRODUCT_BUNDLE_IDENTIFIER = Hickman.Pinz;
				PRODUCT_NAME = "$(TARGET_NAME)";
				SWIFT_VERSION = 4.0;
				TARGETED_DEVICE_FAMILY = "1,2";
			};
			name = Release;
		};
/* End XCBuildConfiguration section */

/* Begin XCConfigurationList section */
		417AABDE207EDDAC0044DB60 /* Build configuration list for PBXProject "Pinz" */ = {
			isa = XCConfigurationList;
			buildConfigurations = (
				417AABF3207EDDAC0044DB60 /* Debug */,
				417AABF4207EDDAC0044DB60 /* Release */,
			);
			defaultConfigurationIsVisible = 0;
			defaultConfigurationName = Release;
		};
		417AABF5207EDDAC0044DB60 /* Build configuration list for PBXNativeTarget "Pinz" */ = {
			isa = XCConfigurationList;
			buildConfigurations = (
				417AABF6207EDDAC0044DB60 /* Debug */,
				417AABF7207EDDAC0044DB60 /* Release */,
			);
			defaultConfigurationIsVisible = 0;
			defaultConfigurationName = Release;
		};
/* End XCConfigurationList section */
	};
	rootObject = 417AABDB207EDDAC0044DB60 /* Project object */;
}
